
Microsoft Visual Studio Solution File, Format Version 12.00
# Visual Studio Version 17
VisualStudioVersion = 17.9.34728.123
MinimumVisualStudioVersion = 10.0.40219.1
Project("{FAE04EC0-301F-11D3-BF4B-00C04F79EFBC}") = "OsobyApi", "OsobyApi\OsobyApi.csproj", "{4180E4BF-D5E1-4F72-A5C2-0A8D98B9BDF1}"
EndProject
Project("{FAE04EC0-301F-11D3-BF4B-00C04F79EFBC}") = "OsobyApiTests", "OsobyApiTests\OsobyApiTests.csproj", "{DEAB58AD-E265-454D-B63E-8813E10C1541}"
EndProject
Global
	GlobalSection(SolutionConfigurationPlatforms) = preSolution
		Debug|Any CPU = Debug|Any CPU
		Release|Any CPU = Release|Any CPU
	EndGlobalSection
	GlobalSection(ProjectConfigurationPlatforms) = postSolution
		{4180E4BF-D5E1-4F72-A5C2-0A8D98B9BDF1}.Debug|Any CPU.ActiveCfg = Debug|Any CPU
		{4180E4BF-D5E1-4F72-A5C2-0A8D98B9BDF1}.Debug|Any CPU.Build.0 = Debug|Any CPU
		{4180E4BF-D5E1-4F72-A5C2-0A8D98B9BDF1}.Release|Any CPU.ActiveCfg = Release|Any CPU
		{4180E4BF-D5E1-4F72-A5C2-0A8D98B9BDF1}.Release|Any CPU.Build.0 = Release|Any CPU
		{DEAB58AD-E265-454D-B63E-8813E10C1541}.Debug|Any CPU.ActiveCfg = Debug|Any CPU
		{DEAB58AD-E265-454D-B63E-8813E10C1541}.Debug|Any CPU.Build.0 = Debug|Any CPU
		{DEAB58AD-E265-454D-B63E-8813E10C1541}.Release|Any CPU.ActiveCfg = Release|Any CPU
		{DEAB58AD-E265-454D-B63E-8813E10C1541}.Release|Any CPU.Build.0 = Release|Any CPU
	EndGlobalSection
	GlobalSection(SolutionProperties) = preSolution
		HideSolutionNode = FALSE
	EndGlobalSection
	GlobalSection(ExtensibilityGlobals) = postSolution
		SolutionGuid = {D5CC4F8A-C47C-4F09-9144-106CAEB6F02C}
	EndGlobalSection
EndGlobal
